// !$*UTF8*$!
{
	archiveVersion = 1;
	classes = {
	};
	objectVersion = 51;
	objects = {

/* Begin PBXBuildFile section */
		39119089A7F1F0C59E0B24BA /* Pods_Parstagram.framework in Frameworks */ = {isa = PBXBuildFile; fileRef = 40DBD0816FC3AC976621D9FD /* Pods_Parstagram.framework */; };
		68056357254CCFE200F5B193 /* CommentCell.swift in Sources */ = {isa = PBXBuildFile; fileRef = 68056356254CCFE200F5B193 /* CommentCell.swift */; };
		680B00772542CD9400FBDB34 /* AppDelegate.swift in Sources */ = {isa = PBXBuildFile; fileRef = 680B00762542CD9400FBDB34 /* AppDelegate.swift */; };
		680B00792542CD9400FBDB34 /* SceneDelegate.swift in Sources */ = {isa = PBXBuildFile; fileRef = 680B00782542CD9400FBDB34 /* SceneDelegate.swift */; };
		680B007B2542CD9400FBDB34 /* ViewController.swift in Sources */ = {isa = PBXBuildFile; fileRef = 680B007A2542CD9400FBDB34 /* ViewController.swift */; };
		680B007E2542CD9400FBDB34 /* Main.storyboard in Resources */ = {isa = PBXBuildFile; fileRef = 680B007C2542CD9400FBDB34 /* Main.storyboard */; };
		680B00802542CD9600FBDB34 /* Assets.xcassets in Resources */ = {isa = PBXBuildFile; fileRef = 680B007F2542CD9600FBDB34 /* Assets.xcassets */; };
		680B00832542CD9600FBDB34 /* LaunchScreen.storyboard in Resources */ = {isa = PBXBuildFile; fileRef = 680B00812542CD9600FBDB34 /* LaunchScreen.storyboard */; };
		680B008E2542CD9700FBDB34 /* ParstagramTests.swift in Sources */ = {isa = PBXBuildFile; fileRef = 680B008D2542CD9700FBDB34 /* ParstagramTests.swift */; };
		680B00992542CD9700FBDB34 /* ParstagramUITests.swift in Sources */ = {isa = PBXBuildFile; fileRef = 680B00982542CD9700FBDB34 /* ParstagramUITests.swift */; };
		680B00AA2542CECA00FBDB34 /* LoginViewController.swift in Sources */ = {isa = PBXBuildFile; fileRef = 680B00A92542CECA00FBDB34 /* LoginViewController.swift */; };
		680B00AF2542CEDB00FBDB34 /* FeedViewController.swift in Sources */ = {isa = PBXBuildFile; fileRef = 680B00AE2542CEDB00FBDB34 /* FeedViewController.swift */; };
		680B01242542EAAF00FBDB34 /* CameraViewController.swift in Sources */ = {isa = PBXBuildFile; fileRef = 680B01232542EAAF00FBDB34 /* CameraViewController.swift */; };
		684DF90525438BF90050DD70 /* PostCell.swift in Sources */ = {isa = PBXBuildFile; fileRef = 684DF90425438BF90050DD70 /* PostCell.swift */; };
		AAE7711EDCCDE0EE7DEB8EE1 /* Pods_ParstagramTests.framework in Frameworks */ = {isa = PBXBuildFile; fileRef = 1C8BFD0C6588405720BF64D8 /* Pods_ParstagramTests.framework */; };
		B6A2EE11FA8E22C32F77487A /* Pods_Parstagram_ParstagramUITests.framework in Frameworks */ = {isa = PBXBuildFile; fileRef = 1AC81AA6DBC0756163FBABFE /* Pods_Parstagram_ParstagramUITests.framework */; };
/* End PBXBuildFile section */

/* Begin PBXContainerItemProxy section */
		680B008A2542CD9700FBDB34 /* PBXContainerItemProxy */ = {
			isa = PBXContainerItemProxy;
			containerPortal = 680B006B2542CD9400FBDB34 /* Project object */;
			proxyType = 1;
			remoteGlobalIDString = 680B00722542CD9400FBDB34;
			remoteInfo = Parstagram;
		};
		680B00952542CD9700FBDB34 /* PBXContainerItemProxy */ = {
			isa = PBXContainerItemProxy;
			containerPortal = 680B006B2542CD9400FBDB34 /* Project object */;
			proxyType = 1;
			remoteGlobalIDString = 680B00722542CD9400FBDB34;
			remoteInfo = Parstagram;
		};
/* End PBXContainerItemProxy section */

/* Begin PBXFileReference section */
		072AE5A2B96EE886B630837C /* Pods-Parstagram-ParstagramUITests.debug.xcconfig */ = {isa = PBXFileReference; includeInIndex = 1; lastKnownFileType = text.xcconfig; name = "Pods-Parstagram-ParstagramUITests.debug.xcconfig"; path = "Target Support Files/Pods-Parstagram-ParstagramUITests/Pods-Parstagram-ParstagramUITests.debug.xcconfig"; sourceTree = "<group>"; };
		0976396FB399DF04188A5A0F /* Pods-Parstagram.debug.xcconfig */ = {isa = PBXFileReference; includeInIndex = 1; lastKnownFileType = text.xcconfig; name = "Pods-Parstagram.debug.xcconfig"; path = "Target Support Files/Pods-Parstagram/Pods-Parstagram.debug.xcconfig"; sourceTree = "<group>"; };
		1AC81AA6DBC0756163FBABFE /* Pods_Parstagram_ParstagramUITests.framework */ = {isa = PBXFileReference; explicitFileType = wrapper.framework; includeInIndex = 0; path = Pods_Parstagram_ParstagramUITests.framework; sourceTree = BUILT_PRODUCTS_DIR; };
		1C8BFD0C6588405720BF64D8 /* Pods_ParstagramTests.framework */ = {isa = PBXFileReference; explicitFileType = wrapper.framework; includeInIndex = 0; path = Pods_ParstagramTests.framework; sourceTree = BUILT_PRODUCTS_DIR; };
		40DBD0816FC3AC976621D9FD /* Pods_Parstagram.framework */ = {isa = PBXFileReference; explicitFileType = wrapper.framework; includeInIndex = 0; path = Pods_Parstagram.framework; sourceTree = BUILT_PRODUCTS_DIR; };
		41B9D01116541C4CDE3236D3 /* Pods-Parstagram-ParstagramUITests.release.xcconfig */ = {isa = PBXFileReference; includeInIndex = 1; lastKnownFileType = text.xcconfig; name = "Pods-Parstagram-ParstagramUITests.release.xcconfig"; path = "Target Support Files/Pods-Parstagram-ParstagramUITests/Pods-Parstagram-ParstagramUITests.release.xcconfig"; sourceTree = "<group>"; };
		68056356254CCFE200F5B193 /* CommentCell.swift */ = {isa = PBXFileReference; lastKnownFileType = sourcecode.swift; path = CommentCell.swift; sourceTree = "<group>"; };
		680B00732542CD9400FBDB34 /* Parstagram.app */ = {isa = PBXFileReference; explicitFileType = wrapper.application; includeInIndex = 0; path = Parstagram.app; sourceTree = BUILT_PRODUCTS_DIR; };
		680B00762542CD9400FBDB34 /* AppDelegate.swift */ = {isa = PBXFileReference; lastKnownFileType = sourcecode.swift; path = AppDelegate.swift; sourceTree = "<group>"; };
		680B00782542CD9400FBDB34 /* SceneDelegate.swift */ = {isa = PBXFileReference; lastKnownFileType = sourcecode.swift; path = SceneDelegate.swift; sourceTree = "<group>"; };
		680B007A2542CD9400FBDB34 /* ViewController.swift */ = {isa = PBXFileReference; lastKnownFileType = sourcecode.swift; path = ViewController.swift; sourceTree = "<group>"; };
		680B007D2542CD9400FBDB34 /* Base */ = {isa = PBXFileReference; lastKnownFileType = file.storyboard; name = Base; path = Base.lproj/Main.storyboard; sourceTree = "<group>"; };
		680B007F2542CD9600FBDB34 /* Assets.xcassets */ = {isa = PBXFileReference; lastKnownFileType = folder.assetcatalog; path = Assets.xcassets; sourceTree = "<group>"; };
		680B00822542CD9600FBDB34 /* Base */ = {isa = PBXFileReference; lastKnownFileType = file.storyboard; name = Base; path = Base.lproj/LaunchScreen.storyboard; sourceTree = "<group>"; };
		680B00842542CD9600FBDB34 /* Info.plist */ = {isa = PBXFileReference; lastKnownFileType = text.plist.xml; path = Info.plist; sourceTree = "<group>"; };
		680B00892542CD9700FBDB34 /* ParstagramTests.xctest */ = {isa = PBXFileReference; explicitFileType = wrapper.cfbundle; includeInIndex = 0; path = ParstagramTests.xctest; sourceTree = BUILT_PRODUCTS_DIR; };
		680B008D2542CD9700FBDB34 /* ParstagramTests.swift */ = {isa = PBXFileReference; lastKnownFileType = sourcecode.swift; path = ParstagramTests.swift; sourceTree = "<group>"; };
		680B008F2542CD9700FBDB34 /* Info.plist */ = {isa = PBXFileReference; lastKnownFileType = text.plist.xml; path = Info.plist; sourceTree = "<group>"; };
		680B00942542CD9700FBDB34 /* ParstagramUITests.xctest */ = {isa = PBXFileReference; explicitFileType = wrapper.cfbundle; includeInIndex = 0; path = ParstagramUITests.xctest; sourceTree = BUILT_PRODUCTS_DIR; };
		680B00982542CD9700FBDB34 /* ParstagramUITests.swift */ = {isa = PBXFileReference; lastKnownFileType = sourcecode.swift; path = ParstagramUITests.swift; sourceTree = "<group>"; };
		680B009A2542CD9700FBDB34 /* Info.plist */ = {isa = PBXFileReference; lastKnownFileType = text.plist.xml; path = Info.plist; sourceTree = "<group>"; };
		680B00A92542CECA00FBDB34 /* LoginViewController.swift */ = {isa = PBXFileReference; lastKnownFileType = sourcecode.swift; path = LoginViewController.swift; sourceTree = "<group>"; };
		680B00AE2542CEDB00FBDB34 /* FeedViewController.swift */ = {isa = PBXFileReference; lastKnownFileType = sourcecode.swift; path = FeedViewController.swift; sourceTree = "<group>"; };
		680B01232542EAAF00FBDB34 /* CameraViewController.swift */ = {isa = PBXFileReference; lastKnownFileType = sourcecode.swift; path = CameraViewController.swift; sourceTree = "<group>"; };
		684DF90425438BF90050DD70 /* PostCell.swift */ = {isa = PBXFileReference; lastKnownFileType = sourcecode.swift; path = PostCell.swift; sourceTree = "<group>"; };
		84D4640D12711D800FA428C1 /* Pods-ParstagramTests.release.xcconfig */ = {isa = PBXFileReference; includeInIndex = 1; lastKnownFileType = text.xcconfig; name = "Pods-ParstagramTests.release.xcconfig"; path = "Target Support Files/Pods-ParstagramTests/Pods-ParstagramTests.release.xcconfig"; sourceTree = "<group>"; };
		E2DE43379D26727AC0827782 /* Pods-ParstagramTests.debug.xcconfig */ = {isa = PBXFileReference; includeInIndex = 1; lastKnownFileType = text.xcconfig; name = "Pods-ParstagramTests.debug.xcconfig"; path = "Target Support Files/Pods-ParstagramTests/Pods-ParstagramTests.debug.xcconfig"; sourceTree = "<group>"; };
		F550FD419C048F311E511E89 /* Pods-Parstagram.release.xcconfig */ = {isa = PBXFileReference; includeInIndex = 1; lastKnownFileType = text.xcconfig; name = "Pods-Parstagram.release.xcconfig"; path = "Target Support Files/Pods-Parstagram/Pods-Parstagram.release.xcconfig"; sourceTree = "<group>"; };
/* End PBXFileReference section */

/* Begin PBXFrameworksBuildPhase section */
		680B00702542CD9400FBDB34 /* Frameworks */ = {
			isa = PBXFrameworksBuildPhase;
			buildActionMask = 2147483647;
			files = (
				39119089A7F1F0C59E0B24BA /* Pods_Parstagram.framework in Frameworks */,
			);
			runOnlyForDeploymentPostprocessing = 0;
		};
		680B00862542CD9700FBDB34 /* Frameworks */ = {
			isa = PBXFrameworksBuildPhase;
			buildActionMask = 2147483647;
			files = (
				AAE7711EDCCDE0EE7DEB8EE1 /* Pods_ParstagramTests.framework in Frameworks */,
			);
			runOnlyForDeploymentPostprocessing = 0;
		};
		680B00912542CD9700FBDB34 /* Frameworks */ = {
			isa = PBXFrameworksBuildPhase;
			buildActionMask = 2147483647;
			files = (
				B6A2EE11FA8E22C32F77487A /* Pods_Parstagram_ParstagramUITests.framework in Frameworks */,
			);
			runOnlyForDeploymentPostprocessing = 0;
		};
/* End PBXFrameworksBuildPhase section */

/* Begin PBXGroup section */
		3DF053ED9BF9D52FBBCDF334 /* Pods */ = {
			isa = PBXGroup;
			children = (
				0976396FB399DF04188A5A0F /* Pods-Parstagram.debug.xcconfig */,
				F550FD419C048F311E511E89 /* Pods-Parstagram.release.xcconfig */,
				072AE5A2B96EE886B630837C /* Pods-Parstagram-ParstagramUITests.debug.xcconfig */,
				41B9D01116541C4CDE3236D3 /* Pods-Parstagram-ParstagramUITests.release.xcconfig */,
				E2DE43379D26727AC0827782 /* Pods-ParstagramTests.debug.xcconfig */,
				84D4640D12711D800FA428C1 /* Pods-ParstagramTests.release.xcconfig */,
			);
			path = Pods;
			sourceTree = "<group>";
		};
		63A44A72AC8FBAABB237D537 /* Frameworks */ = {
			isa = PBXGroup;
			children = (
				40DBD0816FC3AC976621D9FD /* Pods_Parstagram.framework */,
				1AC81AA6DBC0756163FBABFE /* Pods_Parstagram_ParstagramUITests.framework */,
				1C8BFD0C6588405720BF64D8 /* Pods_ParstagramTests.framework */,
			);
			name = Frameworks;
			sourceTree = "<group>";
		};
		680B006A2542CD9400FBDB34 = {
			isa = PBXGroup;
			children = (
				680B00752542CD9400FBDB34 /* Parstagram */,
				680B008C2542CD9700FBDB34 /* ParstagramTests */,
				680B00972542CD9700FBDB34 /* ParstagramUITests */,
				680B00742542CD9400FBDB34 /* Products */,
				3DF053ED9BF9D52FBBCDF334 /* Pods */,
				63A44A72AC8FBAABB237D537 /* Frameworks */,
			);
			sourceTree = "<group>";
		};
		680B00742542CD9400FBDB34 /* Products */ = {
			isa = PBXGroup;
			children = (
				680B00732542CD9400FBDB34 /* Parstagram.app */,
				680B00892542CD9700FBDB34 /* ParstagramTests.xctest */,
				680B00942542CD9700FBDB34 /* ParstagramUITests.xctest */,
			);
			name = Products;
			sourceTree = "<group>";
		};
		680B00752542CD9400FBDB34 /* Parstagram */ = {
			isa = PBXGroup;
			children = (
				680B00762542CD9400FBDB34 /* AppDelegate.swift */,
				680B00782542CD9400FBDB34 /* SceneDelegate.swift */,
				680B007A2542CD9400FBDB34 /* ViewController.swift */,
				680B007C2542CD9400FBDB34 /* Main.storyboard */,
				680B007F2542CD9600FBDB34 /* Assets.xcassets */,
				680B00812542CD9600FBDB34 /* LaunchScreen.storyboard */,
				680B00842542CD9600FBDB34 /* Info.plist */,
				680B00A92542CECA00FBDB34 /* LoginViewController.swift */,
				680B00AE2542CEDB00FBDB34 /* FeedViewController.swift */,
				680B01232542EAAF00FBDB34 /* CameraViewController.swift */,
				684DF90425438BF90050DD70 /* PostCell.swift */,
				68056356254CCFE200F5B193 /* CommentCell.swift */,
			);
			path = Parstagram;
			sourceTree = "<group>";
		};
		680B008C2542CD9700FBDB34 /* ParstagramTests */ = {
			isa = PBXGroup;
			children = (
				680B008D2542CD9700FBDB34 /* ParstagramTests.swift */,
				680B008F2542CD9700FBDB34 /* Info.plist */,
			);
			path = ParstagramTests;
			sourceTree = "<group>";
		};
		680B00972542CD9700FBDB34 /* ParstagramUITests */ = {
			isa = PBXGroup;
			children = (
				680B00982542CD9700FBDB34 /* ParstagramUITests.swift */,
				680B009A2542CD9700FBDB34 /* Info.plist */,
			);
			path = ParstagramUITests;
			sourceTree = "<group>";
		};
/* End PBXGroup section */

/* Begin PBXNativeTarget section */
		680B00722542CD9400FBDB34 /* Parstagram */ = {
			isa = PBXNativeTarget;
			buildConfigurationList = 680B009D2542CD9700FBDB34 /* Build configuration list for PBXNativeTarget "Parstagram" */;
			buildPhases = (
				7F40B46949AF03D3F97990FB /* [CP] Check Pods Manifest.lock */,
				680B006F2542CD9400FBDB34 /* Sources */,
				680B00702542CD9400FBDB34 /* Frameworks */,
				680B00712542CD9400FBDB34 /* Resources */,
				AB5F5352A916D41E4F583F7B /* [CP] Embed Pods Frameworks */,
			);
			buildRules = (
			);
			dependencies = (
			);
			name = Parstagram;
			productName = Parstagram;
			productReference = 680B00732542CD9400FBDB34 /* Parstagram.app */;
			productType = "com.apple.product-type.application";
		};
		680B00882542CD9700FBDB34 /* ParstagramTests */ = {
			isa = PBXNativeTarget;
			buildConfigurationList = 680B00A02542CD9700FBDB34 /* Build configuration list for PBXNativeTarget "ParstagramTests" */;
			buildPhases = (
				310AE4BF5022A0F4D7E6CC50 /* [CP] Check Pods Manifest.lock */,
				680B00852542CD9700FBDB34 /* Sources */,
				680B00862542CD9700FBDB34 /* Frameworks */,
				680B00872542CD9700FBDB34 /* Resources */,
			);
			buildRules = (
			);
			dependencies = (
				680B008B2542CD9700FBDB34 /* PBXTargetDependency */,
			);
			name = ParstagramTests;
			productName = ParstagramTests;
			productReference = 680B00892542CD9700FBDB34 /* ParstagramTests.xctest */;
			productType = "com.apple.product-type.bundle.unit-test";
		};
		680B00932542CD9700FBDB34 /* ParstagramUITests */ = {
			isa = PBXNativeTarget;
			buildConfigurationList = 680B00A32542CD9700FBDB34 /* Build configuration list for PBXNativeTarget "ParstagramUITests" */;
			buildPhases = (
				76B87CA8BF3B03D6F557CFC3 /* [CP] Check Pods Manifest.lock */,
				680B00902542CD9700FBDB34 /* Sources */,
				680B00912542CD9700FBDB34 /* Frameworks */,
				680B00922542CD9700FBDB34 /* Resources */,
				72AB7491D1470F255D3B262F /* [CP] Embed Pods Frameworks */,
			);
			buildRules = (
			);
			dependencies = (
				680B00962542CD9700FBDB34 /* PBXTargetDependency */,
			);
			name = ParstagramUITests;
			productName = ParstagramUITests;
			productReference = 680B00942542CD9700FBDB34 /* ParstagramUITests.xctest */;
			productType = "com.apple.product-type.bundle.ui-testing";
		};
/* End PBXNativeTarget section */

/* Begin PBXProject section */
		680B006B2542CD9400FBDB34 /* Project object */ = {
			isa = PBXProject;
			attributes = {
				LastSwiftUpdateCheck = 1200;
				LastUpgradeCheck = 1200;
				TargetAttributes = {
					680B00722542CD9400FBDB34 = {
						CreatedOnToolsVersion = 12.0.1;
					};
					680B00882542CD9700FBDB34 = {
						CreatedOnToolsVersion = 12.0.1;
						TestTargetID = 680B00722542CD9400FBDB34;
					};
					680B00932542CD9700FBDB34 = {
						CreatedOnToolsVersion = 12.0.1;
						TestTargetID = 680B00722542CD9400FBDB34;
					};
				};
			};
			buildConfigurationList = 680B006E2542CD9400FBDB34 /* Build configuration list for PBXProject "Parstagram" */;
			compatibilityVersion = "Xcode 9.3";
			developmentRegion = en;
			hasScannedForEncodings = 0;
			knownRegions = (
				en,
				Base,
			);
			mainGroup = 680B006A2542CD9400FBDB34;
			productRefGroup = 680B00742542CD9400FBDB34 /* Products */;
			projectDirPath = "";
			projectRoot = "";
			targets = (
				680B00722542CD9400FBDB34 /* Parstagram */,
				680B00882542CD9700FBDB34 /* ParstagramTests */,
				680B00932542CD9700FBDB34 /* ParstagramUITests */,
			);
		};
/* End PBXProject section */

/* Begin PBXResourcesBuildPhase section */
		680B00712542CD9400FBDB34 /* Resources */ = {
			isa = PBXResourcesBuildPhase;
			buildActionMask = 2147483647;
			files = (
				680B00832542CD9600FBDB34 /* LaunchScreen.storyboard in Resources */,
				680B00802542CD9600FBDB34 /* Assets.xcassets in Resources */,
				680B007E2542CD9400FBDB34 /* Main.storyboard in Resources */,
			);
			runOnlyForDeploymentPostprocessing = 0;
		};
		680B00872542CD9700FBDB34 /* Resources */ = {
			isa = PBXResourcesBuildPhase;
			buildActionMask = 2147483647;
			files = (
			);
			runOnlyForDeploymentPostprocessing = 0;
		};
		680B00922542CD9700FBDB34 /* Resources */ = {
			isa = PBXResourcesBuildPhase;
			buildActionMask = 2147483647;
			files = (
			);
			runOnlyForDeploymentPostprocessing = 0;
		};
/* End PBXResourcesBuildPhase section */

/* Begin PBXShellScriptBuildPhase section */
		310AE4BF5022A0F4D7E6CC50 /* [CP] Check Pods Manifest.lock */ = {
			isa = PBXShellScriptBuildPhase;
			buildActionMask = 2147483647;
			files = (
			);
			inputFileListPaths = (
			);
			inputPaths = (
				"${PODS_PODFILE_DIR_PATH}/Podfile.lock",
				"${PODS_ROOT}/Manifest.lock",
			);
			name = "[CP] Check Pods Manifest.lock";
			outputFileListPaths = (
			);
			outputPaths = (
				"$(DERIVED_FILE_DIR)/Pods-ParstagramTests-checkManifestLockResult.txt",
			);
			runOnlyForDeploymentPostprocessing = 0;
			shellPath = /bin/sh;
			shellScript = "diff \"${PODS_PODFILE_DIR_PATH}/Podfile.lock\" \"${PODS_ROOT}/Manifest.lock\" > /dev/null\nif [ $? != 0 ] ; then\n    # print error to STDERR\n    echo \"error: The sandbox is not in sync with the Podfile.lock. Run 'pod install' or update your CocoaPods installation.\" >&2\n    exit 1\nfi\n# This output is used by Xcode 'outputs' to avoid re-running this script phase.\necho \"SUCCESS\" > \"${SCRIPT_OUTPUT_FILE_0}\"\n";
			showEnvVarsInLog = 0;
		};
		72AB7491D1470F255D3B262F /* [CP] Embed Pods Frameworks */ = {
			isa = PBXShellScriptBuildPhase;
			buildActionMask = 2147483647;
			files = (
			);
			inputFileListPaths = (
				"${PODS_ROOT}/Target Support Files/Pods-Parstagram-ParstagramUITests/Pods-Parstagram-ParstagramUITests-frameworks-${CONFIGURATION}-input-files.xcfilelist",
			);
			name = "[CP] Embed Pods Frameworks";
			outputFileListPaths = (
				"${PODS_ROOT}/Target Support Files/Pods-Parstagram-ParstagramUITests/Pods-Parstagram-ParstagramUITests-frameworks-${CONFIGURATION}-output-files.xcfilelist",
			);
			runOnlyForDeploymentPostprocessing = 0;
			shellPath = /bin/sh;
			shellScript = "\"${PODS_ROOT}/Target Support Files/Pods-Parstagram-ParstagramUITests/Pods-Parstagram-ParstagramUITests-frameworks.sh\"\n";
			showEnvVarsInLog = 0;
		};
		76B87CA8BF3B03D6F557CFC3 /* [CP] Check Pods Manifest.lock */ = {
			isa = PBXShellScriptBuildPhase;
			buildActionMask = 2147483647;
			files = (
			);
			inputFileListPaths = (
			);
			inputPaths = (
				"${PODS_PODFILE_DIR_PATH}/Podfile.lock",
				"${PODS_ROOT}/Manifest.lock",
			);
			name = "[CP] Check Pods Manifest.lock";
			outputFileListPaths = (
			);
			outputPaths = (
				"$(DERIVED_FILE_DIR)/Pods-Parstagram-ParstagramUITests-checkManifestLockResult.txt",
			);
			runOnlyForDeploymentPostprocessing = 0;
			shellPath = /bin/sh;
			shellScript = "diff \"${PODS_PODFILE_DIR_PATH}/Podfile.lock\" \"${PODS_ROOT}/Manifest.lock\" > /dev/null\nif [ $? != 0 ] ; then\n    # print error to STDERR\n    echo \"error: The sandbox is not in sync with the Podfile.lock. Run 'pod install' or update your CocoaPods installation.\" >&2\n    exit 1\nfi\n# This output is used by Xcode 'outputs' to avoid re-running this script phase.\necho \"SUCCESS\" > \"${SCRIPT_OUTPUT_FILE_0}\"\n";
			showEnvVarsInLog = 0;
		};
		7F40B46949AF03D3F97990FB /* [CP] Check Pods Manifest.lock */ = {
			isa = PBXShellScriptBuildPhase;
			buildActionMask = 2147483647;
			files = (
			);
			inputFileListPaths = (
			);
			inputPaths = (
				"${PODS_PODFILE_DIR_PATH}/Podfile.lock",
				"${PODS_ROOT}/Manifest.lock",
			);
			name = "[CP] Check Pods Manifest.lock";
			outputFileListPaths = (
			);
			outputPaths = (
				"$(DERIVED_FILE_DIR)/Pods-Parstagram-checkManifestLockResult.txt",
			);
			runOnlyForDeploymentPostprocessing = 0;
			shellPath = /bin/sh;
			shellScript = "diff \"${PODS_PODFILE_DIR_PATH}/Podfile.lock\" \"${PODS_ROOT}/Manifest.lock\" > /dev/null\nif [ $? != 0 ] ; then\n    # print error to STDERR\n    echo \"error: The sandbox is not in sync with the Podfile.lock. Run 'pod install' or update your CocoaPods installation.\" >&2\n    exit 1\nfi\n# This output is used by Xcode 'outputs' to avoid re-running this script phase.\necho \"SUCCESS\" > \"${SCRIPT_OUTPUT_FILE_0}\"\n";
			showEnvVarsInLog = 0;
		};
		AB5F5352A916D41E4F583F7B /* [CP] Embed Pods Frameworks */ = {
			isa = PBXShellScriptBuildPhase;
			buildActionMask = 2147483647;
			files = (
			);
			inputFileListPaths = (
				"${PODS_ROOT}/Target Support Files/Pods-Parstagram/Pods-Parstagram-frameworks-${CONFIGURATION}-input-files.xcfilelist",
			);
			name = "[CP] Embed Pods Frameworks";
			outputFileListPaths = (
				"${PODS_ROOT}/Target Support Files/Pods-Parstagram/Pods-Parstagram-frameworks-${CONFIGURATION}-output-files.xcfilelist",
			);
			runOnlyForDeploymentPostprocessing = 0;
			shellPath = /bin/sh;
			shellScript = "\"${PODS_ROOT}/Target Support Files/Pods-Parstagram/Pods-Parstagram-frameworks.sh\"\n";
			showEnvVarsInLog = 0;
		};
/* End PBXShellScriptBuildPhase section */

/* Begin PBXSourcesBuildPhase section */
		680B006F2542CD9400FBDB34 /* Sources */ = {
			isa = PBXSourcesBuildPhase;
			buildActionMask = 2147483647;
			files = (
				684DF90525438BF90050DD70 /* PostCell.swift in Sources */,
				680B00AA2542CECA00FBDB34 /* LoginViewController.swift in Sources */,
				680B007B2542CD9400FBDB34 /* ViewController.swift in Sources */,
				680B00AF2542CEDB00FBDB34 /* FeedViewController.swift in Sources */,
				680B00772542CD9400FBDB34 /* AppDelegate.swift in Sources */,
				680B00792542CD9400FBDB34 /* SceneDelegate.swift in Sources */,
				680B01242542EAAF00FBDB34 /* CameraViewController.swift in Sources */,
				68056357254CCFE200F5B193 /* CommentCell.swift in Sources */,
			);
			runOnlyForDeploymentPostprocessing = 0;
		};
		680B00852542CD9700FBDB34 /* Sources */ = {
			isa = PBXSourcesBuildPhase;
			buildActionMask = 2147483647;
			files = (
				680B008E2542CD9700FBDB34 /* ParstagramTests.swift in Sources */,
			);
			runOnlyForDeploymentPostprocessing = 0;
		};
		680B00902542CD9700FBDB34 /* Sources */ = {
			isa = PBXSourcesBuildPhase;
			buildActionMask = 2147483647;
			files = (
				680B00992542CD9700FBDB34 /* ParstagramUITests.swift in Sources */,
			);
			runOnlyForDeploymentPostprocessing = 0;
		};
/* End PBXSourcesBuildPhase section */

/* Begin PBXTargetDependency section */
		680B008B2542CD9700FBDB34 /* PBXTargetDependency */ = {
			isa = PBXTargetDependency;
			target = 680B00722542CD9400FBDB34 /* Parstagram */;
			targetProxy = 680B008A2542CD9700FBDB34 /* PBXContainerItemProxy */;
		};
		680B00962542CD9700FBDB34 /* PBXTargetDependency */ = {
			isa = PBXTargetDependency;
			target = 680B00722542CD9400FBDB34 /* Parstagram */;
			targetProxy = 680B00952542CD9700FBDB34 /* PBXContainerItemProxy */;
		};
/* End PBXTargetDependency section */

/* Begin PBXVariantGroup section */
		680B007C2542CD9400FBDB34 /* Main.storyboard */ = {
			isa = PBXVariantGroup;
			children = (
				680B007D2542CD9400FBDB34 /* Base */,
			);
			name = Main.storyboard;
			sourceTree = "<group>";
		};
		680B00812542CD9600FBDB34 /* LaunchScreen.storyboard */ = {
			isa = PBXVariantGroup;
			children = (
				680B00822542CD9600FBDB34 /* Base */,
			);
			name = LaunchScreen.storyboard;
			sourceTree = "<group>";
		};
/* End PBXVariantGroup section */

/* Begin XCBuildConfiguration section */
		680B009B2542CD9700FBDB34 /* Debug */ = {
			isa = XCBuildConfiguration;
			buildSettings = {
				ALWAYS_SEARCH_USER_PATHS = NO;
				CLANG_ANALYZER_NONNULL = YES;
				CLANG_ANALYZER_NUMBER_OBJECT_CONVERSION = YES_AGGRESSIVE;
				CLANG_CXX_LANGUAGE_STANDARD = "gnu++14";
				CLANG_CXX_LIBRARY = "libc++";
				CLANG_ENABLE_MODULES = YES;
				CLANG_ENABLE_OBJC_ARC = YES;
				CLANG_ENABLE_OBJC_WEAK = YES;
				CLANG_WARN_BLOCK_CAPTURE_AUTORELEASING = YES;
				CLANG_WARN_BOOL_CONVERSION = YES;
				CLANG_WARN_COMMA = YES;
				CLANG_WARN_CONSTANT_CONVERSION = YES;
				CLANG_WARN_DEPRECATED_OBJC_IMPLEMENTATIONS = YES;
				CLANG_WARN_DIRECT_OBJC_ISA_USAGE = YES_ERROR;
				CLANG_WARN_DOCUMENTATION_COMMENTS = YES;
				CLANG_WARN_EMPTY_BODY = YES;
				CLANG_WARN_ENUM_CONVERSION = YES;
				CLANG_WARN_INFINITE_RECURSION = YES;
				CLANG_WARN_INT_CONVERSION = YES;
				CLANG_WARN_NON_LITERAL_NULL_CONVERSION = YES;
				CLANG_WARN_OBJC_IMPLICIT_RETAIN_SELF = YES;
				CLANG_WARN_OBJC_LITERAL_CONVERSION = YES;
				CLANG_WARN_OBJC_ROOT_CLASS = YES_ERROR;
				CLANG_WARN_QUOTED_INCLUDE_IN_FRAMEWORK_HEADER = YES;
				CLANG_WARN_RANGE_LOOP_ANALYSIS = YES;
				CLANG_WARN_STRICT_PROTOTYPES = YES;
				CLANG_WARN_SUSPICIOUS_MOVE = YES;
				CLANG_WARN_UNGUARDED_AVAILABILITY = YES_AGGRESSIVE;
				CLANG_WARN_UNREACHABLE_CODE = YES;
				CLANG_WARN__DUPLICATE_METHOD_MATCH = YES;
				COPY_PHASE_STRIP = NO;
				DEBUG_INFORMATION_FORMAT = dwarf;
				ENABLE_STRICT_OBJC_MSGSEND = YES;
				ENABLE_TESTABILITY = YES;
				GCC_C_LANGUAGE_STANDARD = gnu11;
				GCC_DYNAMIC_NO_PIC = NO;
				GCC_NO_COMMON_BLOCKS = YES;
				GCC_OPTIMIZATION_LEVEL = 0;
				GCC_PREPROCESSOR_DEFINITIONS = (
					"DEBUG=1",
					"$(inherited)",
				);
				GCC_WARN_64_TO_32_BIT_CONVERSION = YES;
				GCC_WARN_ABOUT_RETURN_TYPE = YES_ERROR;
				GCC_WARN_UNDECLARED_SELECTOR = YES;
				GCC_WARN_UNINITIALIZED_AUTOS = YES_AGGRESSIVE;
				GCC_WARN_UNUSED_FUNCTION = YES;
				GCC_WARN_UNUSED_VARIABLE = YES;
				IPHONEOS_DEPLOYMENT_TARGET = 14.0;
				MTL_ENABLE_DEBUG_INFO = INCLUDE_SOURCE;
				MTL_FAST_MATH = YES;
				ONLY_ACTIVE_ARCH = YES;
				SDKROOT = iphoneos;
				SWIFT_ACTIVE_COMPILATION_CONDITIONS = DEBUG;
				SWIFT_OPTIMIZATION_LEVEL = "-Onone";
			};
			name = Debug;
		};
		680B009C2542CD9700FBDB34 /* Release */ = {
			isa = XCBuildConfiguration;
			buildSettings = {
				ALWAYS_SEARCH_USER_PATHS = NO;
				CLANG_ANALYZER_NONNULL = YES;
				CLANG_ANALYZER_NUMBER_OBJECT_CONVERSION = YES_AGGRESSIVE;
				CLANG_CXX_LANGUAGE_STANDARD = "gnu++14";
				CLANG_CXX_LIBRARY = "libc++";
				CLANG_ENABLE_MODULES = YES;
				CLANG_ENABLE_OBJC_ARC = YES;
				CLANG_ENABLE_OBJC_WEAK = YES;
				CLANG_WARN_BLOCK_CAPTURE_AUTORELEASING = YES;
				CLANG_WARN_BOOL_CONVERSION = YES;
				CLANG_WARN_COMMA = YES;
				CLANG_WARN_CONSTANT_CONVERSION = YES;
				CLANG_WARN_DEPRECATED_OBJC_IMPLEMENTATIONS = YES;
				CLANG_WARN_DIRECT_OBJC_ISA_USAGE = YES_ERROR;
				CLANG_WARN_DOCUMENTATION_COMMENTS = YES;
				CLANG_WARN_EMPTY_BODY = YES;
				CLANG_WARN_ENUM_CONVERSION = YES;
				CLANG_WARN_INFINITE_RECURSION = YES;
				CLANG_WARN_INT_CONVERSION = YES;
				CLANG_WARN_NON_LITERAL_NULL_CONVERSION = YES;
				CLANG_WARN_OBJC_IMPLICIT_RETAIN_SELF = YES;
				CLANG_WARN_OBJC_LITERAL_CONVERSION = YES;
				CLANG_WARN_OBJC_ROOT_CLASS = YES_ERROR;
				CLANG_WARN_QUOTED_INCLUDE_IN_FRAMEWORK_HEADER = YES;
				CLANG_WARN_RANGE_LOOP_ANALYSIS = YES;
				CLANG_WARN_STRICT_PROTOTYPES = YES;
				CLANG_WARN_SUSPICIOUS_MOVE = YES;
				CLANG_WARN_UNGUARDED_AVAILABILITY = YES_AGGRESSIVE;
				CLANG_WARN_UNREACHABLE_CODE = YES;
				CLANG_WARN__DUPLICATE_METHOD_MATCH = YES;
				COPY_PHASE_STRIP = NO;
				DEBUG_INFORMATION_FORMAT = "dwarf-with-dsym";
				ENABLE_NS_ASSERTIONS = NO;
				ENABLE_STRICT_OBJC_MSGSEND = YES;
				GCC_C_LANGUAGE_STANDARD = gnu11;
				GCC_NO_COMMON_BLOCKS = YES;
				GCC_WARN_64_TO_32_BIT_CONVERSION = YES;
				GCC_WARN_ABOUT_RETURN_TYPE = YES_ERROR;
				GCC_WARN_UNDECLARED_SELECTOR = YES;
				GCC_WARN_UNINITIALIZED_AUTOS = YES_AGGRESSIVE;
				GCC_WARN_UNUSED_FUNCTION = YES;
				GCC_WARN_UNUSED_VARIABLE = YES;
				IPHONEOS_DEPLOYMENT_TARGET = 14.0;
				MTL_ENABLE_DEBUG_INFO = NO;
				MTL_FAST_MATH = YES;
				SDKROOT = iphoneos;
				SWIFT_COMPILATION_MODE = wholemodule;
				SWIFT_OPTIMIZATION_LEVEL = "-O";
				VALIDATE_PRODUCT = YES;
			};
			name = Release;
		};
		680B009E2542CD9700FBDB34 /* Debug */ = {
			isa = XCBuildConfiguration;
			baseConfigurationReference = 0976396FB399DF04188A5A0F /* Pods-Parstagram.debug.xcconfig */;
			buildSettings = {
				ASSETCATALOG_COMPILER_APPICON_NAME = AppIcon;
				ASSETCATALOG_COMPILER_GLOBAL_ACCENT_COLOR_NAME = AccentColor;
				CODE_SIGN_STYLE = Automatic;
				INFOPLIST_FILE = Parstagram/Info.plist;
				LD_RUNPATH_SEARCH_PATHS = (
					"$(inherited)",
					"@executable_path/Frameworks",
				);
				PRODUCT_BUNDLE_IDENTIFIER = Codepath.Parstagram;
				PRODUCT_NAME = "$(TARGET_NAME)";
				SWIFT_VERSION = 5.0;
				TARGETED_DEVICE_FAMILY = "1,2";
			};
			name = Debug;
		};
		680B009F2542CD9700FBDB34 /* Release */ = {
			isa = XCBuildConfiguration;
			baseConfigurationReference = F550FD419C048F311E511E89 /* Pods-Parstagram.release.xcconfig */;
			buildSettings = {
				ASSETCATALOG_COMPILER_APPICON_NAME = AppIcon;
				ASSETCATALOG_COMPILER_GLOBAL_ACCENT_COLOR_NAME = AccentColor;
				CODE_SIGN_STYLE = Automatic;
				INFOPLIST_FILE = Parstagram/Info.plist;
				LD_RUNPATH_SEARCH_PATHS = (
					"$(inherited)",
					"@executable_path/Frameworks",
				);
				PRODUCT_BUNDLE_IDENTIFIER = Codepath.Parstagram;
				PRODUCT_NAME = "$(TARGET_NAME)";
				SWIFT_VERSION = 5.0;
				TARGETED_DEVICE_FAMILY = "1,2";
			};
			name = Release;
		};
		680B00A12542CD9700FBDB34 /* Debug */ = {
			isa = XCBuildConfiguration;
			baseConfigurationReference = E2DE43379D26727AC0827782 /* Pods-ParstagramTests.debug.xcconfig */;
			buildSettings = {
				ALWAYS_EMBED_SWIFT_STANDARD_LIBRARIES = YES;
				BUNDLE_LOADER = "$(TEST_HOST)";
				CODE_SIGN_STYLE = Automatic;
				INFOPLIST_FILE = ParstagramTests/Info.plist;
				IPHONEOS_DEPLOYMENT_TARGET = 14.0;
				LD_RUNPATH_SEARCH_PATHS = (
					"$(inherited)",
					"@executable_path/Frameworks",
					"@loader_path/Frameworks",
				);
				PRODUCT_BUNDLE_IDENTIFIER = Codepath.ParstagramTests;
				PRODUCT_NAME = "$(TARGET_NAME)";
				SWIFT_VERSION = 5.0;
				TARGETED_DEVICE_FAMILY = "1,2";
				TEST_HOST = "$(BUILT_PRODUCTS_DIR)/Parstagram.app/Parstagram";
			};
			name = Debug;
		};
		680B00A22542CD9700FBDB34 /* Release */ = {
			isa = XCBuildConfiguration;
			baseConfigurationReference = 84D4640D12711D800FA428C1 /* Pods-ParstagramTests.release.xcconfig */;
			buildSettings = {
				ALWAYS_EMBED_SWIFT_STANDARD_LIBRARIES = YES;
				BUNDLE_LOADER = "$(TEST_HOST)";
				CODE_SIGN_STYLE = Automatic;
				INFOPLIST_FILE = ParstagramTests/Info.plist;
				IPHONEOS_DEPLOYMENT_TARGET = 14.0;
				LD_RUNPATH_SEARCH_PATHS = (
					"$(inherited)",
					"@executable_path/Frameworks",
					"@loader_path/Frameworks",
				);
				PRODUCT_BUNDLE_IDENTIFIER = Codepath.ParstagramTests;
				PRODUCT_NAME = "$(TARGET_NAME)";
				SWIFT_VERSION = 5.0;
				TARGETED_DEVICE_FAMILY = "1,2";
				TEST_HOST = "$(BUILT_PRODUCTS_DIR)/Parstagram.app/Parstagram";
			};
			name = Release;
		};
		680B00A42542CD9700FBDB34 /* Debug */ = {
			isa = XCBuildConfiguration;
			baseConfigurationReference = 072AE5A2B96EE886B630837C /* Pods-Parstagram-ParstagramUITests.debug.xcconfig */;
			buildSettings = {
				ALWAYS_EMBED_SWIFT_STANDARD_LIBRARIES = YES;
				CODE_SIGN_STYLE = Automatic;
				INFOPLIST_FILE = ParstagramUITests/Info.plist;
				LD_RUNPATH_SEARCH_PATHS = (
					"$(inherited)",
					"@executable_path/Frameworks",
					"@loader_path/Frameworks",
				);
				PRODUCT_BUNDLE_IDENTIFIER = Codepath.ParstagramUITests;
				PRODUCT_NAME = "$(TARGET_NAME)";
				SWIFT_VERSION = 5.0;
				TARGETED_DEVICE_FAMILY = "1,2";
				TEST_TARGET_NAME = Parstagram;
			};
			name = Debug;
		};
		680B00A52542CD9700FBDB34 /* Release */ = {
			isa = XCBuildConfiguration;
			baseConfigurationReference = 41B9D01116541C4CDE3236D3 /* Pods-Parstagram-ParstagramUITests.release.xcconfig */;
			buildSettings = {
				ALWAYS_EMBED_SWIFT_STANDARD_LIBRARIES = YES;
				CODE_SIGN_STYLE = Automatic;
				INFOPLIST_FILE = ParstagramUITests/Info.plist;
				LD_RUNPATH_SEARCH_PATHS = (
					"$(inherited)",
					"@executable_path/Frameworks",
					"@loader_path/Frameworks",
				);
				PRODUCT_BUNDLE_IDENTIFIER = Codepath.ParstagramUITests;
				PRODUCT_NAME = "$(TARGET_NAME)";
				SWIFT_VERSION = 5.0;
				TARGETED_DEVICE_FAMILY = "1,2";
				TEST_TARGET_NAME = Parstagram;
			};
			name = Release;
		};
/* End XCBuildConfiguration section */

/* Begin XCConfigurationList section */
		680B006E2542CD9400FBDB34 /* Build configuration list for PBXProject "Parstagram" */ = {
			isa = XCConfigurationList;
			buildConfigurations = (
				680B009B2542CD9700FBDB34 /* Debug */,
				680B009C2542CD9700FBDB34 /* Release */,
			);
			defaultConfigurationIsVisible = 0;
			defaultConfigurationName = Release;
		};
		680B009D2542CD9700FBDB34 /* Build configuration list for PBXNativeTarget "Parstagram" */ = {
			isa = XCConfigurationList;
			buildConfigurations = (
				680B009E2542CD9700FBDB34 /* Debug */,
				680B009F2542CD9700FBDB34 /* Release */,
			);
			defaultConfigurationIsVisible = 0;
			defaultConfigurationName = Release;
		};
		680B00A02542CD9700FBDB34 /* Build configuration list for PBXNativeTarget "ParstagramTests" */ = {
			isa = XCConfigurationList;
			buildConfigurations = (
				680B00A12542CD9700FBDB34 /* Debug */,
				680B00A22542CD9700FBDB34 /* Release */,
			);
			defaultConfigurationIsVisible = 0;
			defaultConfigurationName = Release;
		};
		680B00A32542CD9700FBDB34 /* Build configuration list for PBXNativeTarget "ParstagramUITests" */ = {
			isa = XCConfigurationList;
			buildConfigurations = (
				680B00A42542CD9700FBDB34 /* Debug */,
				680B00A52542CD9700FBDB34 /* Release */,
			);
			defaultConfigurationIsVisible = 0;
			defaultConfigurationName = Release;
		};
/* End XCConfigurationList section */
	};
	rootObject = 680B006B2542CD9400FBDB34 /* Project object */;
}
